
Microsoft Visual Studio Solution File, Format Version 12.00
# Visual Studio 15
Project("{FAE04EC0-301F-11D3-BF4B-00C04F79EFBC}") = "Assembly-CSharp", "Assembly-CSharp.csproj", "{47855CF7-F0C2-832C-8DC1-6AB2E2F4EB3D}"
EndProject
Project("{FAE04EC0-301F-11D3-BF4B-00C04F79EFBC}") = "Assembly-CSharp-Editor", "Assembly-CSharp-Editor.csproj", "{68A9B935-ECA0-ECF1-ACCA-AA41D13745A0}"
EndProject
Global
	GlobalSection(SolutionConfigurationPlatforms) = preSolution
		Debug|Any CPU = Debug|Any CPU
		Release|Any CPU = Release|Any CPU
	EndGlobalSection
	GlobalSection(ProjectConfigurationPlatforms) = postSolution
		{47855CF7-F0C2-832C-8DC1-6AB2E2F4EB3D}.Debug|Any CPU.ActiveCfg = Debug|Any CPU
		{47855CF7-F0C2-832C-8DC1-6AB2E2F4EB3D}.Debug|Any CPU.Build.0 = Debug|Any CPU
		{47855CF7-F0C2-832C-8DC1-6AB2E2F4EB3D}.Release|Any CPU.ActiveCfg = Release|Any CPU
		{47855CF7-F0C2-832C-8DC1-6AB2E2F4EB3D}.Release|Any CPU.Build.0 = Release|Any CPU
		{68A9B935-ECA0-ECF1-ACCA-AA41D13745A0}.Debug|Any CPU.ActiveCfg = Debug|Any CPU
		{68A9B935-ECA0-ECF1-ACCA-AA41D13745A0}.Debug|Any CPU.Build.0 = Debug|Any CPU
		{68A9B935-ECA0-ECF1-ACCA-AA41D13745A0}.Release|Any CPU.ActiveCfg = Release|Any CPU
		{68A9B935-ECA0-ECF1-ACCA-AA41D13745A0}.Release|Any CPU.Build.0 = Release|Any CPU
	EndGlobalSection
	GlobalSection(SolutionProperties) = preSolution
		HideSolutionNode = FALSE
	EndGlobalSection
EndGlobal
